
Microsoft Visual Studio Solution File, Format Version 12.00
# Visual Studio Version 17
VisualStudioVersion = 17.0.32112.339
MinimumVisualStudioVersion = 10.0.40219.1
Project("{FAE04EC0-301F-11D3-BF4B-00C04F79EFBC}") = "App voyage projet", "App voyage projet.csproj", "{DB9076AB-0F76-42C2-BEDF-3DA74B63F9B9}"
EndProject
Global
	GlobalSection(SolutionConfigurationPlatforms) = preSolution
		Debug|Any CPU = Debug|Any CPU
		Release|Any CPU = Release|Any CPU
	EndGlobalSection
	GlobalSection(ProjectConfigurationPlatforms) = postSolution
		{DB9076AB-0F76-42C2-BEDF-3DA74B63F9B9}.Debug|Any CPU.ActiveCfg = Debug|Any CPU
		{DB9076AB-0F76-42C2-BEDF-3DA74B63F9B9}.Debug|Any CPU.Build.0 = Debug|Any CPU
		{DB9076AB-0F76-42C2-BEDF-3DA74B63F9B9}.Release|Any CPU.ActiveCfg = Release|Any CPU
		{DB9076AB-0F76-42C2-BEDF-3DA74B63F9B9}.Release|Any CPU.Build.0 = Release|Any CPU
	EndGlobalSection
	GlobalSection(SolutionProperties) = preSolution
		HideSolutionNode = FALSE
	EndGlobalSection
	GlobalSection(ExtensibilityGlobals) = postSolution
		SolutionGuid = {CD8AA306-4FC0-4A4E-84EC-9651347AFDA9}
	EndGlobalSection
EndGlobal
